{
  "originHash" : "b73466ae4e6210ef067d7831bec0d79faccf268b4323ac7d607f051a7e07a419",
  "pins" : [
    {
      "identity" : "astro-github-explorer-utils",
      "kind" : "remoteSourceControl",
      "location" : "https://github.com/malikghani/astro-github-explorer-utils",
      "state" : {
        "revision" : "f99e4ffc84aeb42d4ff43aa7366bbba5e01f14f5",
        "version" : "0.0.2"
      }
    }
  ],
  "version" : 3
}
